
Microsoft Visual Studio Solution File, Format Version 12.00
# Visual Studio Version 17
VisualStudioVersion = 17.10.34928.147
MinimumVisualStudioVersion = 10.0.40219.1
Project("{FAE04EC0-301F-11D3-BF4B-00C04F79EFBC}") = "BlazorApp1", "BlazorApp1\BlazorApp1.csproj", "{9378F538-C71E-4C8D-B609-AD93CE86C239}"
EndProject
Global
	GlobalSection(SolutionConfigurationPlatforms) = preSolution
		Debug|Any CPU = Debug|Any CPU
		Release|Any CPU = Release|Any CPU
	EndGlobalSection
	GlobalSection(ProjectConfigurationPlatforms) = postSolution
		{9378F538-C71E-4C8D-B609-AD93CE86C239}.Debug|Any CPU.ActiveCfg = Debug|Any CPU
		{9378F538-C71E-4C8D-B609-AD93CE86C239}.Debug|Any CPU.Build.0 = Debug|Any CPU
		{9378F538-C71E-4C8D-B609-AD93CE86C239}.Release|Any CPU.ActiveCfg = Release|Any CPU
		{9378F538-C71E-4C8D-B609-AD93CE86C239}.Release|Any CPU.Build.0 = Release|Any CPU
	EndGlobalSection
	GlobalSection(SolutionProperties) = preSolution
		HideSolutionNode = FALSE
	EndGlobalSection
	GlobalSection(ExtensibilityGlobals) = postSolution
		SolutionGuid = {AA988CD6-DD79-4450-A901-0B5C1607DA0B}
	EndGlobalSection
EndGlobal
